
Microsoft Visual Studio Solution File, Format Version 12.00
# Visual Studio Version 17
VisualStudioVersion = 17.8.34316.72
MinimumVisualStudioVersion = 10.0.40219.1
Project("{888888A0-9F3D-457C-B088-3A5042F75D52}") = "HearColours", "HearColours.pyproj", "{CA55964F-C5EA-40AC-B242-1D2FEC634461}"
EndProject
Global
	GlobalSection(SolutionConfigurationPlatforms) = preSolution
		Debug|Any CPU = Debug|Any CPU
		Release|Any CPU = Release|Any CPU
	EndGlobalSection
	GlobalSection(ProjectConfigurationPlatforms) = postSolution
		{CA55964F-C5EA-40AC-B242-1D2FEC634461}.Debug|Any CPU.ActiveCfg = Debug|Any CPU
		{CA55964F-C5EA-40AC-B242-1D2FEC634461}.Release|Any CPU.ActiveCfg = Release|Any CPU
	EndGlobalSection
	GlobalSection(SolutionProperties) = preSolution
		HideSolutionNode = FALSE
	EndGlobalSection
	GlobalSection(ExtensibilityGlobals) = postSolution
		SolutionGuid = {1ECEDFBA-8610-4032-A528-FBD37E73907A}
	EndGlobalSection
EndGlobal
